// !$*UTF8*$!
{
	archiveVersion = 1;
	classes = {
	};
	objectVersion = 56;
	objects = {

/* Begin PBXBuildFile section */
		2B04FEC02A0DD64C0023B1B3 /* LocationServiceType.swift in Sources */ = {isa = PBXBuildFile; fileRef = 2B04FEBF2A0DD64C0023B1B3 /* LocationServiceType.swift */; };
		2B04FEC22A0DD68B0023B1B3 /* StubLocationService.swift in Sources */ = {isa = PBXBuildFile; fileRef = 2B04FEC12A0DD68B0023B1B3 /* StubLocationService.swift */; };
		2B04FEC52A0DD7B30023B1B3 /* WeatherClientType.swift in Sources */ = {isa = PBXBuildFile; fileRef = 2B04FEC42A0DD7B30023B1B3 /* WeatherClientType.swift */; };
		2B04FECB2A0DD9190023B1B3 /* StubWeatherClient.swift in Sources */ = {isa = PBXBuildFile; fileRef = 2B04FECA2A0DD9190023B1B3 /* StubWeatherClient.swift */; };
		2B04FECD2A0DD9670023B1B3 /* Brooklyn.swift in Sources */ = {isa = PBXBuildFile; fileRef = 2B04FECC2A0DD9670023B1B3 /* Brooklyn.swift */; };
		2B04FED02A0DDB880023B1B3 /* StubData.swift in Sources */ = {isa = PBXBuildFile; fileRef = 2B04FECF2A0DDB880023B1B3 /* StubData.swift */; };
		2B0534F92A14470C001CC5E2 /* Temperature.swift in Sources */ = {isa = PBXBuildFile; fileRef = 2B0534F82A14470C001CC5E2 /* Temperature.swift */; };
		2B0534FB2A14472E001CC5E2 /* TemperatureTests.swift in Sources */ = {isa = PBXBuildFile; fileRef = 2B0534FA2A14472E001CC5E2 /* TemperatureTests.swift */; };
		2B55FB772A15C0CE00C17E00 /* WeatherClient.swift in Sources */ = {isa = PBXBuildFile; fileRef = 2B55FB762A15C0CE00C17E00 /* WeatherClient.swift */; };
		2B55FB792A15C28200C17E00 /* Config.swift in Sources */ = {isa = PBXBuildFile; fileRef = 2B55FB782A15C28200C17E00 /* Config.swift */; };
		2B55FB832A16C3B600C17E00 /* SimpleLocationService.swift in Sources */ = {isa = PBXBuildFile; fileRef = 2B55FB822A16C3B600C17E00 /* SimpleLocationService.swift */; };
		2B5809842A0BE2F400AA97F6 /* Home.storyboard in Resources */ = {isa = PBXBuildFile; fileRef = 2B5809832A0BE2F400AA97F6 /* Home.storyboard */; };
		2B5809892A0BE54B00AA97F6 /* DayView.swift in Sources */ = {isa = PBXBuildFile; fileRef = 2B5809882A0BE54B00AA97F6 /* DayView.swift */; };
		2B58098B2A0BE57B00AA97F6 /* DayViewController.swift in Sources */ = {isa = PBXBuildFile; fileRef = 2B58098A2A0BE57B00AA97F6 /* DayViewController.swift */; };
		2B58098F2A0BE5B200AA97F6 /* WeekViewController.swift in Sources */ = {isa = PBXBuildFile; fileRef = 2B58098E2A0BE5B200AA97F6 /* WeekViewController.swift */; };
		2BCEC80E2A1423DB00180E1E /* ForecastDayCell.swift in Sources */ = {isa = PBXBuildFile; fileRef = 2BCEC80D2A1423DB00180E1E /* ForecastDayCell.swift */; };
		2BD627102A1405D100FEA77D /* ForecastResponse.swift in Sources */ = {isa = PBXBuildFile; fileRef = 2BD6270F2A1405D100FEA77D /* ForecastResponse.swift */; };
		2BD627122A14084600FEA77D /* BrooklynForecast.json in Resources */ = {isa = PBXBuildFile; fileRef = 2BD627112A14084600FEA77D /* BrooklynForecast.json */; };
		2BD627142A1408EC00FEA77D /* StubDataTests.swift in Sources */ = {isa = PBXBuildFile; fileRef = 2BD627132A1408EC00FEA77D /* StubDataTests.swift */; };
		2BEE924F2A0A78A50032CEB5 /* AppDelegate.swift in Sources */ = {isa = PBXBuildFile; fileRef = 2BEE924E2A0A78A50032CEB5 /* AppDelegate.swift */; };
		2BEE92512A0A78A50032CEB5 /* SceneDelegate.swift in Sources */ = {isa = PBXBuildFile; fileRef = 2BEE92502A0A78A50032CEB5 /* SceneDelegate.swift */; };
		2BEE92582A0A78A60032CEB5 /* Assets.xcassets in Resources */ = {isa = PBXBuildFile; fileRef = 2BEE92572A0A78A60032CEB5 /* Assets.xcassets */; };
		2BEE925B2A0A78A60032CEB5 /* LaunchScreen.storyboard in Resources */ = {isa = PBXBuildFile; fileRef = 2BEE92592A0A78A60032CEB5 /* LaunchScreen.storyboard */; };
		2BEE92662A0A78A70032CEB5 /* ThoughtWeatherTests.swift in Sources */ = {isa = PBXBuildFile; fileRef = 2BEE92652A0A78A70032CEB5 /* ThoughtWeatherTests.swift */; };
		2BEE92702A0A78A70032CEB5 /* ThoughtWeatherUITests.swift in Sources */ = {isa = PBXBuildFile; fileRef = 2BEE926F2A0A78A70032CEB5 /* ThoughtWeatherUITests.swift */; };
		2BEE92722A0A78A70032CEB5 /* ThoughtWeatherUITestsLaunchTests.swift in Sources */ = {isa = PBXBuildFile; fileRef = 2BEE92712A0A78A70032CEB5 /* ThoughtWeatherUITestsLaunchTests.swift */; };
		2BF0FC842A143A9A00C2CA14 /* WeatherForecast.swift in Sources */ = {isa = PBXBuildFile; fileRef = 2BF0FC832A143A9A00C2CA14 /* WeatherForecast.swift */; };
		2BF0FC862A143ABD00C2CA14 /* WeatherForecastTests.swift in Sources */ = {isa = PBXBuildFile; fileRef = 2BF0FC852A143ABD00C2CA14 /* WeatherForecastTests.swift */; };
		7B5623522A1695280003F5F8 /* WeekViewModel.swift in Sources */ = {isa = PBXBuildFile; fileRef = 7B5623512A1695280003F5F8 /* WeekViewModel.swift */; };
		7B5623542A16B45F0003F5F8 /* UIViewController+Loader.swift in Sources */ = {isa = PBXBuildFile; fileRef = 7B5623532A16B45F0003F5F8 /* UIViewController+Loader.swift */; };
/* End PBXBuildFile section */

/* Begin PBXContainerItemProxy section */
		2BEE92622A0A78A70032CEB5 /* PBXContainerItemProxy */ = {
			isa = PBXContainerItemProxy;
			containerPortal = 2BEE92432A0A78A50032CEB5 /* Project object */;
			proxyType = 1;
			remoteGlobalIDString = 2BEE924A2A0A78A50032CEB5;
			remoteInfo = ThoughtWeather;
		};
		2BEE926C2A0A78A70032CEB5 /* PBXContainerItemProxy */ = {
			isa = PBXContainerItemProxy;
			containerPortal = 2BEE92432A0A78A50032CEB5 /* Project object */;
			proxyType = 1;
			remoteGlobalIDString = 2BEE924A2A0A78A50032CEB5;
			remoteInfo = ThoughtWeather;
		};
/* End PBXContainerItemProxy section */

/* Begin PBXFileReference section */
		2B04FEBF2A0DD64C0023B1B3 /* LocationServiceType.swift */ = {isa = PBXFileReference; lastKnownFileType = sourcecode.swift; path = LocationServiceType.swift; sourceTree = "<group>"; };
		2B04FEC12A0DD68B0023B1B3 /* StubLocationService.swift */ = {isa = PBXFileReference; lastKnownFileType = sourcecode.swift; path = StubLocationService.swift; sourceTree = "<group>"; };
		2B04FEC42A0DD7B30023B1B3 /* WeatherClientType.swift */ = {isa = PBXFileReference; lastKnownFileType = sourcecode.swift; path = WeatherClientType.swift; sourceTree = "<group>"; };
		2B04FECA2A0DD9190023B1B3 /* StubWeatherClient.swift */ = {isa = PBXFileReference; lastKnownFileType = sourcecode.swift; path = StubWeatherClient.swift; sourceTree = "<group>"; };
		2B04FECC2A0DD9670023B1B3 /* Brooklyn.swift */ = {isa = PBXFileReference; lastKnownFileType = sourcecode.swift; path = Brooklyn.swift; sourceTree = "<group>"; };
		2B04FECF2A0DDB880023B1B3 /* StubData.swift */ = {isa = PBXFileReference; lastKnownFileType = sourcecode.swift; path = StubData.swift; sourceTree = "<group>"; };
		2B0534F82A14470C001CC5E2 /* Temperature.swift */ = {isa = PBXFileReference; lastKnownFileType = sourcecode.swift; path = Temperature.swift; sourceTree = "<group>"; };
		2B0534FA2A14472E001CC5E2 /* TemperatureTests.swift */ = {isa = PBXFileReference; lastKnownFileType = sourcecode.swift; path = TemperatureTests.swift; sourceTree = "<group>"; };
		2B55FB762A15C0CE00C17E00 /* WeatherClient.swift */ = {isa = PBXFileReference; lastKnownFileType = sourcecode.swift; path = WeatherClient.swift; sourceTree = "<group>"; };
		2B55FB782A15C28200C17E00 /* Config.swift */ = {isa = PBXFileReference; lastKnownFileType = sourcecode.swift; path = Config.swift; sourceTree = "<group>"; };
		2B55FB822A16C3B600C17E00 /* SimpleLocationService.swift */ = {isa = PBXFileReference; lastKnownFileType = sourcecode.swift; path = SimpleLocationService.swift; sourceTree = "<group>"; };
		2B5809832A0BE2F400AA97F6 /* Home.storyboard */ = {isa = PBXFileReference; lastKnownFileType = file.storyboard; path = Home.storyboard; sourceTree = "<group>"; };
		2B5809882A0BE54B00AA97F6 /* DayView.swift */ = {isa = PBXFileReference; lastKnownFileType = sourcecode.swift; path = DayView.swift; sourceTree = "<group>"; };
		2B58098A2A0BE57B00AA97F6 /* DayViewController.swift */ = {isa = PBXFileReference; lastKnownFileType = sourcecode.swift; path = DayViewController.swift; sourceTree = "<group>"; };
		2B58098E2A0BE5B200AA97F6 /* WeekViewController.swift */ = {isa = PBXFileReference; lastKnownFileType = sourcecode.swift; path = WeekViewController.swift; sourceTree = "<group>"; };
		2BCEC80D2A1423DB00180E1E /* ForecastDayCell.swift */ = {isa = PBXFileReference; lastKnownFileType = sourcecode.swift; name = ForecastDayCell.swift; path = ThoughtWeather/Views/ForecastDayCell.swift; sourceTree = SOURCE_ROOT; };
		2BD6270F2A1405D100FEA77D /* ForecastResponse.swift */ = {isa = PBXFileReference; lastKnownFileType = sourcecode.swift; path = ForecastResponse.swift; sourceTree = "<group>"; };
		2BD627112A14084600FEA77D /* BrooklynForecast.json */ = {isa = PBXFileReference; lastKnownFileType = text.json; path = BrooklynForecast.json; sourceTree = "<group>"; };
		2BD627132A1408EC00FEA77D /* StubDataTests.swift */ = {isa = PBXFileReference; lastKnownFileType = sourcecode.swift; path = StubDataTests.swift; sourceTree = "<group>"; };
		2BEE924B2A0A78A50032CEB5 /* ThoughtWeather.app */ = {isa = PBXFileReference; explicitFileType = wrapper.application; includeInIndex = 0; path = ThoughtWeather.app; sourceTree = BUILT_PRODUCTS_DIR; };
		2BEE924E2A0A78A50032CEB5 /* AppDelegate.swift */ = {isa = PBXFileReference; lastKnownFileType = sourcecode.swift; path = AppDelegate.swift; sourceTree = "<group>"; };
		2BEE92502A0A78A50032CEB5 /* SceneDelegate.swift */ = {isa = PBXFileReference; lastKnownFileType = sourcecode.swift; path = SceneDelegate.swift; sourceTree = "<group>"; };
		2BEE92572A0A78A60032CEB5 /* Assets.xcassets */ = {isa = PBXFileReference; lastKnownFileType = folder.assetcatalog; path = Assets.xcassets; sourceTree = "<group>"; };
		2BEE925A2A0A78A60032CEB5 /* Base */ = {isa = PBXFileReference; lastKnownFileType = file.storyboard; name = Base; path = Base.lproj/LaunchScreen.storyboard; sourceTree = "<group>"; };
		2BEE925C2A0A78A60032CEB5 /* Info.plist */ = {isa = PBXFileReference; lastKnownFileType = text.plist.xml; path = Info.plist; sourceTree = "<group>"; };
		2BEE92612A0A78A70032CEB5 /* ThoughtWeatherTests.xctest */ = {isa = PBXFileReference; explicitFileType = wrapper.cfbundle; includeInIndex = 0; path = ThoughtWeatherTests.xctest; sourceTree = BUILT_PRODUCTS_DIR; };
		2BEE92652A0A78A70032CEB5 /* ThoughtWeatherTests.swift */ = {isa = PBXFileReference; lastKnownFileType = sourcecode.swift; path = ThoughtWeatherTests.swift; sourceTree = "<group>"; };
		2BEE926B2A0A78A70032CEB5 /* ThoughtWeatherUITests.xctest */ = {isa = PBXFileReference; explicitFileType = wrapper.cfbundle; includeInIndex = 0; path = ThoughtWeatherUITests.xctest; sourceTree = BUILT_PRODUCTS_DIR; };
		2BEE926F2A0A78A70032CEB5 /* ThoughtWeatherUITests.swift */ = {isa = PBXFileReference; lastKnownFileType = sourcecode.swift; path = ThoughtWeatherUITests.swift; sourceTree = "<group>"; };
		2BEE92712A0A78A70032CEB5 /* ThoughtWeatherUITestsLaunchTests.swift */ = {isa = PBXFileReference; lastKnownFileType = sourcecode.swift; path = ThoughtWeatherUITestsLaunchTests.swift; sourceTree = "<group>"; };
		2BF0FC832A143A9A00C2CA14 /* WeatherForecast.swift */ = {isa = PBXFileReference; lastKnownFileType = sourcecode.swift; path = WeatherForecast.swift; sourceTree = "<group>"; };
		2BF0FC852A143ABD00C2CA14 /* WeatherForecastTests.swift */ = {isa = PBXFileReference; lastKnownFileType = sourcecode.swift; path = WeatherForecastTests.swift; sourceTree = "<group>"; };
		7B5623512A1695280003F5F8 /* WeekViewModel.swift */ = {isa = PBXFileReference; fileEncoding = 4; lastKnownFileType = sourcecode.swift; path = WeekViewModel.swift; sourceTree = "<group>"; };
		7B5623532A16B45F0003F5F8 /* UIViewController+Loader.swift */ = {isa = PBXFileReference; lastKnownFileType = sourcecode.swift; path = "UIViewController+Loader.swift"; sourceTree = "<group>"; };
/* End PBXFileReference section */

/* Begin PBXFrameworksBuildPhase section */
		2BEE92482A0A78A50032CEB5 /* Frameworks */ = {
			isa = PBXFrameworksBuildPhase;
			buildActionMask = 2147483647;
			files = (
			);
			runOnlyForDeploymentPostprocessing = 0;
		};
		2BEE925E2A0A78A70032CEB5 /* Frameworks */ = {
			isa = PBXFrameworksBuildPhase;
			buildActionMask = 2147483647;
			files = (
			);
			runOnlyForDeploymentPostprocessing = 0;
		};
		2BEE92682A0A78A70032CEB5 /* Frameworks */ = {
			isa = PBXFrameworksBuildPhase;
			buildActionMask = 2147483647;
			files = (
			);
			runOnlyForDeploymentPostprocessing = 0;
		};
/* End PBXFrameworksBuildPhase section */

/* Begin PBXGroup section */
		2B04FEBB2A0DB7480023B1B3 /* Services */ = {
			isa = PBXGroup;
			children = (
				2BD6270E2A1405BE00FEA77D /* DTO */,
				2B04FEC32A0DD75C0023B1B3 /* Weather */,
				2B04FEBE2A0DD6400023B1B3 /* Location */,
				2B55FB782A15C28200C17E00 /* Config.swift */,
			);
			path = Services;
			sourceTree = "<group>";
		};
		2B04FEBE2A0DD6400023B1B3 /* Location */ = {
			isa = PBXGroup;
			children = (
				2B04FEBF2A0DD64C0023B1B3 /* LocationServiceType.swift */,
				2B04FEC12A0DD68B0023B1B3 /* StubLocationService.swift */,
				2B55FB822A16C3B600C17E00 /* SimpleLocationService.swift */,
			);
			path = Location;
			sourceTree = "<group>";
		};
		2B04FEC32A0DD75C0023B1B3 /* Weather */ = {
			isa = PBXGroup;
			children = (
				2B04FEC42A0DD7B30023B1B3 /* WeatherClientType.swift */,
				2B04FECA2A0DD9190023B1B3 /* StubWeatherClient.swift */,
				2B55FB762A15C0CE00C17E00 /* WeatherClient.swift */,
			);
			path = Weather;
			sourceTree = "<group>";
		};
		2B04FECE2A0DDB7C0023B1B3 /* StubData */ = {
			isa = PBXGroup;
			children = (
				2B04FECF2A0DDB880023B1B3 /* StubData.swift */,
				2B04FECC2A0DD9670023B1B3 /* Brooklyn.swift */,
				2BD627112A14084600FEA77D /* BrooklynForecast.json */,
			);
			path = StubData;
			sourceTree = "<group>";
		};
		2B55FB802A16812E00C17E00 /* Models */ = {
			isa = PBXGroup;
			children = (
				2BF0FC832A143A9A00C2CA14 /* WeatherForecast.swift */,
				2B0534F82A14470C001CC5E2 /* Temperature.swift */,
			);
			path = Models;
			sourceTree = "<group>";
		};
		2B5809852A0BE52200AA97F6 /* Views */ = {
			isa = PBXGroup;
			children = (
				2B5809832A0BE2F400AA97F6 /* Home.storyboard */,
				2BCEC80D2A1423DB00180E1E /* ForecastDayCell.swift */,
				2B5809872A0BE53600AA97F6 /* DayView */,
				2B5809862A0BE52E00AA97F6 /* WeekView */,
			);
			path = Views;
			sourceTree = "<group>";
		};
		2B5809862A0BE52E00AA97F6 /* WeekView */ = {
			isa = PBXGroup;
			children = (
				7B5623512A1695280003F5F8 /* WeekViewModel.swift */,
				2B58098E2A0BE5B200AA97F6 /* WeekViewController.swift */,
			);
			path = WeekView;
			sourceTree = "<group>";
		};
		2B5809872A0BE53600AA97F6 /* DayView */ = {
			isa = PBXGroup;
			children = (
				2B5809882A0BE54B00AA97F6 /* DayView.swift */,
				2B58098A2A0BE57B00AA97F6 /* DayViewController.swift */,
			);
			path = DayView;
			sourceTree = "<group>";
		};
		2BD6270E2A1405BE00FEA77D /* DTO */ = {
			isa = PBXGroup;
			children = (
				2BD6270F2A1405D100FEA77D /* ForecastResponse.swift */,
			);
			path = DTO;
			sourceTree = "<group>";
		};
		2BEE92422A0A78A50032CEB5 = {
			isa = PBXGroup;
			children = (
				2BEE924D2A0A78A50032CEB5 /* ThoughtWeather */,
				2BEE92642A0A78A70032CEB5 /* ThoughtWeatherTests */,
				2BEE926E2A0A78A70032CEB5 /* ThoughtWeatherUITests */,
				2BEE924C2A0A78A50032CEB5 /* Products */,
			);
			sourceTree = "<group>";
		};
		2BEE924C2A0A78A50032CEB5 /* Products */ = {
			isa = PBXGroup;
			children = (
				2BEE924B2A0A78A50032CEB5 /* ThoughtWeather.app */,
				2BEE92612A0A78A70032CEB5 /* ThoughtWeatherTests.xctest */,
				2BEE926B2A0A78A70032CEB5 /* ThoughtWeatherUITests.xctest */,
			);
			name = Products;
			sourceTree = "<group>";
		};
		2BEE924D2A0A78A50032CEB5 /* ThoughtWeather */ = {
			isa = PBXGroup;
			children = (
				2B55FB802A16812E00C17E00 /* Models */,
				2B5809852A0BE52200AA97F6 /* Views */,
				2B04FEBB2A0DB7480023B1B3 /* Services */,
				2B04FECE2A0DDB7C0023B1B3 /* StubData */,
				2BEE924E2A0A78A50032CEB5 /* AppDelegate.swift */,
				2BEE92502A0A78A50032CEB5 /* SceneDelegate.swift */,
				2BEE92572A0A78A60032CEB5 /* Assets.xcassets */,
				2BEE92592A0A78A60032CEB5 /* LaunchScreen.storyboard */,
				2BEE925C2A0A78A60032CEB5 /* Info.plist */,
				7B5623532A16B45F0003F5F8 /* UIViewController+Loader.swift */,
			);
			path = ThoughtWeather;
			sourceTree = "<group>";
		};
		2BEE92642A0A78A70032CEB5 /* ThoughtWeatherTests */ = {
			isa = PBXGroup;
			children = (
				2BEE92652A0A78A70032CEB5 /* ThoughtWeatherTests.swift */,
				2BD627132A1408EC00FEA77D /* StubDataTests.swift */,
				2BF0FC852A143ABD00C2CA14 /* WeatherForecastTests.swift */,
				2B0534FA2A14472E001CC5E2 /* TemperatureTests.swift */,
			);
			path = ThoughtWeatherTests;
			sourceTree = "<group>";
		};
		2BEE926E2A0A78A70032CEB5 /* ThoughtWeatherUITests */ = {
			isa = PBXGroup;
			children = (
				2BEE926F2A0A78A70032CEB5 /* ThoughtWeatherUITests.swift */,
				2BEE92712A0A78A70032CEB5 /* ThoughtWeatherUITestsLaunchTests.swift */,
			);
			path = ThoughtWeatherUITests;
			sourceTree = "<group>";
		};
/* End PBXGroup section */

/* Begin PBXNativeTarget section */
		2BEE924A2A0A78A50032CEB5 /* ThoughtWeather */ = {
			isa = PBXNativeTarget;
			buildConfigurationList = 2BEE92752A0A78A70032CEB5 /* Build configuration list for PBXNativeTarget "ThoughtWeather" */;
			buildPhases = (
				2BEE92472A0A78A50032CEB5 /* Sources */,
				2BEE92482A0A78A50032CEB5 /* Frameworks */,
				2BEE92492A0A78A50032CEB5 /* Resources */,
			);
			buildRules = (
			);
			dependencies = (
			);
			name = ThoughtWeather;
			productName = ThoughtWeather;
			productReference = 2BEE924B2A0A78A50032CEB5 /* ThoughtWeather.app */;
			productType = "com.apple.product-type.application";
		};
		2BEE92602A0A78A70032CEB5 /* ThoughtWeatherTests */ = {
			isa = PBXNativeTarget;
			buildConfigurationList = 2BEE92782A0A78A70032CEB5 /* Build configuration list for PBXNativeTarget "ThoughtWeatherTests" */;
			buildPhases = (
				2BEE925D2A0A78A70032CEB5 /* Sources */,
				2BEE925E2A0A78A70032CEB5 /* Frameworks */,
				2BEE925F2A0A78A70032CEB5 /* Resources */,
			);
			buildRules = (
			);
			dependencies = (
				2BEE92632A0A78A70032CEB5 /* PBXTargetDependency */,
			);
			name = ThoughtWeatherTests;
			productName = ThoughtWeatherTests;
			productReference = 2BEE92612A0A78A70032CEB5 /* ThoughtWeatherTests.xctest */;
			productType = "com.apple.product-type.bundle.unit-test";
		};
		2BEE926A2A0A78A70032CEB5 /* ThoughtWeatherUITests */ = {
			isa = PBXNativeTarget;
			buildConfigurationList = 2BEE927B2A0A78A70032CEB5 /* Build configuration list for PBXNativeTarget "ThoughtWeatherUITests" */;
			buildPhases = (
				2BEE92672A0A78A70032CEB5 /* Sources */,
				2BEE92682A0A78A70032CEB5 /* Frameworks */,
				2BEE92692A0A78A70032CEB5 /* Resources */,
			);
			buildRules = (
			);
			dependencies = (
				2BEE926D2A0A78A70032CEB5 /* PBXTargetDependency */,
			);
			name = ThoughtWeatherUITests;
			productName = ThoughtWeatherUITests;
			productReference = 2BEE926B2A0A78A70032CEB5 /* ThoughtWeatherUITests.xctest */;
			productType = "com.apple.product-type.bundle.ui-testing";
		};
/* End PBXNativeTarget section */

/* Begin PBXProject section */
		2BEE92432A0A78A50032CEB5 /* Project object */ = {
			isa = PBXProject;
			attributes = {
				BuildIndependentTargetsInParallel = 1;
				LastSwiftUpdateCheck = 1430;
				LastUpgradeCheck = 1430;
				TargetAttributes = {
					2BEE924A2A0A78A50032CEB5 = {
						CreatedOnToolsVersion = 14.3;
					};
					2BEE92602A0A78A70032CEB5 = {
						CreatedOnToolsVersion = 14.3;
						TestTargetID = 2BEE924A2A0A78A50032CEB5;
					};
					2BEE926A2A0A78A70032CEB5 = {
						CreatedOnToolsVersion = 14.3;
						TestTargetID = 2BEE924A2A0A78A50032CEB5;
					};
				};
			};
			buildConfigurationList = 2BEE92462A0A78A50032CEB5 /* Build configuration list for PBXProject "ThoughtWeather" */;
			compatibilityVersion = "Xcode 14.0";
			developmentRegion = en;
			hasScannedForEncodings = 0;
			knownRegions = (
				en,
				Base,
			);
			mainGroup = 2BEE92422A0A78A50032CEB5;
			productRefGroup = 2BEE924C2A0A78A50032CEB5 /* Products */;
			projectDirPath = "";
			projectRoot = "";
			targets = (
				2BEE924A2A0A78A50032CEB5 /* ThoughtWeather */,
				2BEE92602A0A78A70032CEB5 /* ThoughtWeatherTests */,
				2BEE926A2A0A78A70032CEB5 /* ThoughtWeatherUITests */,
			);
		};
/* End PBXProject section */

/* Begin PBXResourcesBuildPhase section */
		2BEE92492A0A78A50032CEB5 /* Resources */ = {
			isa = PBXResourcesBuildPhase;
			buildActionMask = 2147483647;
			files = (
				2BD627122A14084600FEA77D /* BrooklynForecast.json in Resources */,
				2BEE925B2A0A78A60032CEB5 /* LaunchScreen.storyboard in Resources */,
				2BEE92582A0A78A60032CEB5 /* Assets.xcassets in Resources */,
				2B5809842A0BE2F400AA97F6 /* Home.storyboard in Resources */,
			);
			runOnlyForDeploymentPostprocessing = 0;
		};
		2BEE925F2A0A78A70032CEB5 /* Resources */ = {
			isa = PBXResourcesBuildPhase;
			buildActionMask = 2147483647;
			files = (
			);
			runOnlyForDeploymentPostprocessing = 0;
		};
		2BEE92692A0A78A70032CEB5 /* Resources */ = {
			isa = PBXResourcesBuildPhase;
			buildActionMask = 2147483647;
			files = (
			);
			runOnlyForDeploymentPostprocessing = 0;
		};
/* End PBXResourcesBuildPhase section */

/* Begin PBXSourcesBuildPhase section */
		2BEE92472A0A78A50032CEB5 /* Sources */ = {
			isa = PBXSourcesBuildPhase;
			buildActionMask = 2147483647;
			files = (
				2B04FECB2A0DD9190023B1B3 /* StubWeatherClient.swift in Sources */,
				2B55FB832A16C3B600C17E00 /* SimpleLocationService.swift in Sources */,
				2BCEC80E2A1423DB00180E1E /* ForecastDayCell.swift in Sources */,
				2B04FEC02A0DD64C0023B1B3 /* LocationServiceType.swift in Sources */,
				2B58098F2A0BE5B200AA97F6 /* WeekViewController.swift in Sources */,
				2BD627102A1405D100FEA77D /* ForecastResponse.swift in Sources */,
				2B04FEC52A0DD7B30023B1B3 /* WeatherClientType.swift in Sources */,
				7B5623522A1695280003F5F8 /* WeekViewModel.swift in Sources */,
				2B04FECD2A0DD9670023B1B3 /* Brooklyn.swift in Sources */,
				2BF0FC842A143A9A00C2CA14 /* WeatherForecast.swift in Sources */,
				2B58098B2A0BE57B00AA97F6 /* DayViewController.swift in Sources */,
				2B5809892A0BE54B00AA97F6 /* DayView.swift in Sources */,
				2B55FB792A15C28200C17E00 /* Config.swift in Sources */,
				2BEE924F2A0A78A50032CEB5 /* AppDelegate.swift in Sources */,
				2BEE92512A0A78A50032CEB5 /* SceneDelegate.swift in Sources */,
				2B0534F92A14470C001CC5E2 /* Temperature.swift in Sources */,
				2B55FB772A15C0CE00C17E00 /* WeatherClient.swift in Sources */,
				2B04FEC22A0DD68B0023B1B3 /* StubLocationService.swift in Sources */,
				2B04FED02A0DDB880023B1B3 /* StubData.swift in Sources */,
				7B5623542A16B45F0003F5F8 /* UIViewController+Loader.swift in Sources */,
			);
			runOnlyForDeploymentPostprocessing = 0;
		};
		2BEE925D2A0A78A70032CEB5 /* Sources */ = {
			isa = PBXSourcesBuildPhase;
			buildActionMask = 2147483647;
			files = (
				2BEE92662A0A78A70032CEB5 /* ThoughtWeatherTests.swift in Sources */,
				2BF0FC862A143ABD00C2CA14 /* WeatherForecastTests.swift in Sources */,
				2B0534FB2A14472E001CC5E2 /* TemperatureTests.swift in Sources */,
				2BD627142A1408EC00FEA77D /* StubDataTests.swift in Sources */,
			);
			runOnlyForDeploymentPostprocessing = 0;
		};
		2BEE92672A0A78A70032CEB5 /* Sources */ = {
			isa = PBXSourcesBuildPhase;
			buildActionMask = 2147483647;
			files = (
				2BEE92702A0A78A70032CEB5 /* ThoughtWeatherUITests.swift in Sources */,
				2BEE92722A0A78A70032CEB5 /* ThoughtWeatherUITestsLaunchTests.swift in Sources */,
			);
			runOnlyForDeploymentPostprocessing = 0;
		};
/* End PBXSourcesBuildPhase section */

/* Begin PBXTargetDependency section */
		2BEE92632A0A78A70032CEB5 /* PBXTargetDependency */ = {
			isa = PBXTargetDependency;
			target = 2BEE924A2A0A78A50032CEB5 /* ThoughtWeather */;
			targetProxy = 2BEE92622A0A78A70032CEB5 /* PBXContainerItemProxy */;
		};
		2BEE926D2A0A78A70032CEB5 /* PBXTargetDependency */ = {
			isa = PBXTargetDependency;
			target = 2BEE924A2A0A78A50032CEB5 /* ThoughtWeather */;
			targetProxy = 2BEE926C2A0A78A70032CEB5 /* PBXContainerItemProxy */;
		};
/* End PBXTargetDependency section */

/* Begin PBXVariantGroup section */
		2BEE92592A0A78A60032CEB5 /* LaunchScreen.storyboard */ = {
			isa = PBXVariantGroup;
			children = (
				2BEE925A2A0A78A60032CEB5 /* Base */,
			);
			name = LaunchScreen.storyboard;
			sourceTree = "<group>";
		};
/* End PBXVariantGroup section */

/* Begin XCBuildConfiguration section */
		2BEE92732A0A78A70032CEB5 /* Debug */ = {
			isa = XCBuildConfiguration;
			buildSettings = {
				ALWAYS_SEARCH_USER_PATHS = NO;
				CLANG_ANALYZER_NONNULL = YES;
				CLANG_ANALYZER_NUMBER_OBJECT_CONVERSION = YES_AGGRESSIVE;
				CLANG_CXX_LANGUAGE_STANDARD = "gnu++20";
				CLANG_ENABLE_MODULES = YES;
				CLANG_ENABLE_OBJC_ARC = YES;
				CLANG_ENABLE_OBJC_WEAK = YES;
				CLANG_WARN_BLOCK_CAPTURE_AUTORELEASING = YES;
				CLANG_WARN_BOOL_CONVERSION = YES;
				CLANG_WARN_COMMA = YES;
				CLANG_WARN_CONSTANT_CONVERSION = YES;
				CLANG_WARN_DEPRECATED_OBJC_IMPLEMENTATIONS = YES;
				CLANG_WARN_DIRECT_OBJC_ISA_USAGE = YES_ERROR;
				CLANG_WARN_DOCUMENTATION_COMMENTS = YES;
				CLANG_WARN_EMPTY_BODY = YES;
				CLANG_WARN_ENUM_CONVERSION = YES;
				CLANG_WARN_INFINITE_RECURSION = YES;
				CLANG_WARN_INT_CONVERSION = YES;
				CLANG_WARN_NON_LITERAL_NULL_CONVERSION = YES;
				CLANG_WARN_OBJC_IMPLICIT_RETAIN_SELF = YES;
				CLANG_WARN_OBJC_LITERAL_CONVERSION = YES;
				CLANG_WARN_OBJC_ROOT_CLASS = YES_ERROR;
				CLANG_WARN_QUOTED_INCLUDE_IN_FRAMEWORK_HEADER = YES;
				CLANG_WARN_RANGE_LOOP_ANALYSIS = YES;
				CLANG_WARN_STRICT_PROTOTYPES = YES;
				CLANG_WARN_SUSPICIOUS_MOVE = YES;
				CLANG_WARN_UNGUARDED_AVAILABILITY = YES_AGGRESSIVE;
				CLANG_WARN_UNREACHABLE_CODE = YES;
				CLANG_WARN__DUPLICATE_METHOD_MATCH = YES;
				COPY_PHASE_STRIP = NO;
				DEBUG_INFORMATION_FORMAT = dwarf;
				ENABLE_STRICT_OBJC_MSGSEND = YES;
				ENABLE_TESTABILITY = YES;
				GCC_C_LANGUAGE_STANDARD = gnu11;
				GCC_DYNAMIC_NO_PIC = NO;
				GCC_NO_COMMON_BLOCKS = YES;
				GCC_OPTIMIZATION_LEVEL = 0;
				GCC_PREPROCESSOR_DEFINITIONS = (
					"DEBUG=1",
					"$(inherited)",
				);
				GCC_WARN_64_TO_32_BIT_CONVERSION = YES;
				GCC_WARN_ABOUT_RETURN_TYPE = YES_ERROR;
				GCC_WARN_UNDECLARED_SELECTOR = YES;
				GCC_WARN_UNINITIALIZED_AUTOS = YES_AGGRESSIVE;
				GCC_WARN_UNUSED_FUNCTION = YES;
				GCC_WARN_UNUSED_VARIABLE = YES;
				IPHONEOS_DEPLOYMENT_TARGET = 16.4;
				MTL_ENABLE_DEBUG_INFO = INCLUDE_SOURCE;
				MTL_FAST_MATH = YES;
				ONLY_ACTIVE_ARCH = YES;
				SDKROOT = iphoneos;
				SWIFT_ACTIVE_COMPILATION_CONDITIONS = DEBUG;
				SWIFT_OPTIMIZATION_LEVEL = "-Onone";
			};
			name = Debug;
		};
		2BEE92742A0A78A70032CEB5 /* Release */ = {
			isa = XCBuildConfiguration;
			buildSettings = {
				ALWAYS_SEARCH_USER_PATHS = NO;
				CLANG_ANALYZER_NONNULL = YES;
				CLANG_ANALYZER_NUMBER_OBJECT_CONVERSION = YES_AGGRESSIVE;
				CLANG_CXX_LANGUAGE_STANDARD = "gnu++20";
				CLANG_ENABLE_MODULES = YES;
				CLANG_ENABLE_OBJC_ARC = YES;
				CLANG_ENABLE_OBJC_WEAK = YES;
				CLANG_WARN_BLOCK_CAPTURE_AUTORELEASING = YES;
				CLANG_WARN_BOOL_CONVERSION = YES;
				CLANG_WARN_COMMA = YES;
				CLANG_WARN_CONSTANT_CONVERSION = YES;
				CLANG_WARN_DEPRECATED_OBJC_IMPLEMENTATIONS = YES;
				CLANG_WARN_DIRECT_OBJC_ISA_USAGE = YES_ERROR;
				CLANG_WARN_DOCUMENTATION_COMMENTS = YES;
				CLANG_WARN_EMPTY_BODY = YES;
				CLANG_WARN_ENUM_CONVERSION = YES;
				CLANG_WARN_INFINITE_RECURSION = YES;
				CLANG_WARN_INT_CONVERSION = YES;
				CLANG_WARN_NON_LITERAL_NULL_CONVERSION = YES;
				CLANG_WARN_OBJC_IMPLICIT_RETAIN_SELF = YES;
				CLANG_WARN_OBJC_LITERAL_CONVERSION = YES;
				CLANG_WARN_OBJC_ROOT_CLASS = YES_ERROR;
				CLANG_WARN_QUOTED_INCLUDE_IN_FRAMEWORK_HEADER = YES;
				CLANG_WARN_RANGE_LOOP_ANALYSIS = YES;
				CLANG_WARN_STRICT_PROTOTYPES = YES;
				CLANG_WARN_SUSPICIOUS_MOVE = YES;
				CLANG_WARN_UNGUARDED_AVAILABILITY = YES_AGGRESSIVE;
				CLANG_WARN_UNREACHABLE_CODE = YES;
				CLANG_WARN__DUPLICATE_METHOD_MATCH = YES;
				COPY_PHASE_STRIP = NO;
				DEBUG_INFORMATION_FORMAT = "dwarf-with-dsym";
				ENABLE_NS_ASSERTIONS = NO;
				ENABLE_STRICT_OBJC_MSGSEND = YES;
				GCC_C_LANGUAGE_STANDARD = gnu11;
				GCC_NO_COMMON_BLOCKS = YES;
				GCC_WARN_64_TO_32_BIT_CONVERSION = YES;
				GCC_WARN_ABOUT_RETURN_TYPE = YES_ERROR;
				GCC_WARN_UNDECLARED_SELECTOR = YES;
				GCC_WARN_UNINITIALIZED_AUTOS = YES_AGGRESSIVE;
				GCC_WARN_UNUSED_FUNCTION = YES;
				GCC_WARN_UNUSED_VARIABLE = YES;
				IPHONEOS_DEPLOYMENT_TARGET = 16.4;
				MTL_ENABLE_DEBUG_INFO = NO;
				MTL_FAST_MATH = YES;
				SDKROOT = iphoneos;
				SWIFT_COMPILATION_MODE = wholemodule;
				SWIFT_OPTIMIZATION_LEVEL = "-O";
				VALIDATE_PRODUCT = YES;
			};
			name = Release;
		};
		2BEE92762A0A78A70032CEB5 /* Debug */ = {
			isa = XCBuildConfiguration;
			buildSettings = {
				ASSETCATALOG_COMPILER_APPICON_NAME = AppIcon;
				ASSETCATALOG_COMPILER_GLOBAL_ACCENT_COLOR_NAME = AccentColor;
				CODE_SIGN_STYLE = Automatic;
				CURRENT_PROJECT_VERSION = 1;
				GENERATE_INFOPLIST_FILE = YES;
				INFOPLIST_FILE = ThoughtWeather/Info.plist;
				INFOPLIST_KEY_CFBundleDisplayName = ThoughtWeather;
				INFOPLIST_KEY_LSApplicationCategoryType = "public.app-category.weather";
				INFOPLIST_KEY_UIApplicationSupportsIndirectInputEvents = YES;
				INFOPLIST_KEY_UILaunchStoryboardName = LaunchScreen;
				INFOPLIST_KEY_UIMainStoryboardFile = Home;
				INFOPLIST_KEY_UISupportedInterfaceOrientations = UIInterfaceOrientationPortrait;
				IPHONEOS_DEPLOYMENT_TARGET = 16.0;
				LD_RUNPATH_SEARCH_PATHS = (
					"$(inherited)",
					"@executable_path/Frameworks",
				);
				MARKETING_VERSION = 1.0;
				PRODUCT_BUNDLE_IDENTIFIER = com.thoughtworks.ThoughtWeather;
				PRODUCT_NAME = "$(TARGET_NAME)";
				SWIFT_EMIT_LOC_STRINGS = YES;
				SWIFT_VERSION = 5.0;
				TARGETED_DEVICE_FAMILY = "1,2";
			};
			name = Debug;
		};
		2BEE92772A0A78A70032CEB5 /* Release */ = {
			isa = XCBuildConfiguration;
			buildSettings = {
				ASSETCATALOG_COMPILER_APPICON_NAME = AppIcon;
				ASSETCATALOG_COMPILER_GLOBAL_ACCENT_COLOR_NAME = AccentColor;
				CODE_SIGN_STYLE = Automatic;
				CURRENT_PROJECT_VERSION = 1;
				GENERATE_INFOPLIST_FILE = YES;
				INFOPLIST_FILE = ThoughtWeather/Info.plist;
				INFOPLIST_KEY_CFBundleDisplayName = ThoughtWeather;
				INFOPLIST_KEY_LSApplicationCategoryType = "public.app-category.weather";
				INFOPLIST_KEY_UIApplicationSupportsIndirectInputEvents = YES;
				INFOPLIST_KEY_UILaunchStoryboardName = LaunchScreen;
				INFOPLIST_KEY_UIMainStoryboardFile = Home;
				INFOPLIST_KEY_UISupportedInterfaceOrientations = UIInterfaceOrientationPortrait;
				IPHONEOS_DEPLOYMENT_TARGET = 16.0;
				LD_RUNPATH_SEARCH_PATHS = (
					"$(inherited)",
					"@executable_path/Frameworks",
				);
				MARKETING_VERSION = 1.0;
				PRODUCT_BUNDLE_IDENTIFIER = com.thoughtworks.ThoughtWeather;
				PRODUCT_NAME = "$(TARGET_NAME)";
				SWIFT_EMIT_LOC_STRINGS = YES;
				SWIFT_VERSION = 5.0;
				TARGETED_DEVICE_FAMILY = "1,2";
			};
			name = Release;
		};
		2BEE92792A0A78A70032CEB5 /* Debug */ = {
			isa = XCBuildConfiguration;
			buildSettings = {
				ALWAYS_EMBED_SWIFT_STANDARD_LIBRARIES = YES;
				BUNDLE_LOADER = "$(TEST_HOST)";
				CODE_SIGN_STYLE = Automatic;
				CURRENT_PROJECT_VERSION = 1;
				GENERATE_INFOPLIST_FILE = YES;
				IPHONEOS_DEPLOYMENT_TARGET = 16.4;
				MARKETING_VERSION = 1.0;
				PRODUCT_BUNDLE_IDENTIFIER = com.thoughtworks.ThoughtWeatherTests;
				PRODUCT_NAME = "$(TARGET_NAME)";
				SWIFT_EMIT_LOC_STRINGS = NO;
				SWIFT_VERSION = 5.0;
				TARGETED_DEVICE_FAMILY = "1,2";
				TEST_HOST = "$(BUILT_PRODUCTS_DIR)/ThoughtWeather.app/$(BUNDLE_EXECUTABLE_FOLDER_PATH)/ThoughtWeather";
			};
			name = Debug;
		};
		2BEE927A2A0A78A70032CEB5 /* Release */ = {
			isa = XCBuildConfiguration;
			buildSettings = {
				ALWAYS_EMBED_SWIFT_STANDARD_LIBRARIES = YES;
				BUNDLE_LOADER = "$(TEST_HOST)";
				CODE_SIGN_STYLE = Automatic;
				CURRENT_PROJECT_VERSION = 1;
				GENERATE_INFOPLIST_FILE = YES;
				IPHONEOS_DEPLOYMENT_TARGET = 16.4;
				MARKETING_VERSION = 1.0;
				PRODUCT_BUNDLE_IDENTIFIER = com.thoughtworks.ThoughtWeatherTests;
				PRODUCT_NAME = "$(TARGET_NAME)";
				SWIFT_EMIT_LOC_STRINGS = NO;
				SWIFT_VERSION = 5.0;
				TARGETED_DEVICE_FAMILY = "1,2";
				TEST_HOST = "$(BUILT_PRODUCTS_DIR)/ThoughtWeather.app/$(BUNDLE_EXECUTABLE_FOLDER_PATH)/ThoughtWeather";
			};
			name = Release;
		};
		2BEE927C2A0A78A70032CEB5 /* Debug */ = {
			isa = XCBuildConfiguration;
			buildSettings = {
				ALWAYS_EMBED_SWIFT_STANDARD_LIBRARIES = YES;
				CODE_SIGN_STYLE = Automatic;
				CURRENT_PROJECT_VERSION = 1;
				GENERATE_INFOPLIST_FILE = YES;
				MARKETING_VERSION = 1.0;
				PRODUCT_BUNDLE_IDENTIFIER = com.thoughtworks.ThoughtWeatherUITests;
				PRODUCT_NAME = "$(TARGET_NAME)";
				SWIFT_EMIT_LOC_STRINGS = NO;
				SWIFT_VERSION = 5.0;
				TARGETED_DEVICE_FAMILY = "1,2";
				TEST_TARGET_NAME = ThoughtWeather;
			};
			name = Debug;
		};
		2BEE927D2A0A78A70032CEB5 /* Release */ = {
			isa = XCBuildConfiguration;
			buildSettings = {
				ALWAYS_EMBED_SWIFT_STANDARD_LIBRARIES = YES;
				CODE_SIGN_STYLE = Automatic;
				CURRENT_PROJECT_VERSION = 1;
				GENERATE_INFOPLIST_FILE = YES;
				MARKETING_VERSION = 1.0;
				PRODUCT_BUNDLE_IDENTIFIER = com.thoughtworks.ThoughtWeatherUITests;
				PRODUCT_NAME = "$(TARGET_NAME)";
				SWIFT_EMIT_LOC_STRINGS = NO;
				SWIFT_VERSION = 5.0;
				TARGETED_DEVICE_FAMILY = "1,2";
				TEST_TARGET_NAME = ThoughtWeather;
			};
			name = Release;
		};
/* End XCBuildConfiguration section */

/* Begin XCConfigurationList section */
		2BEE92462A0A78A50032CEB5 /* Build configuration list for PBXProject "ThoughtWeather" */ = {
			isa = XCConfigurationList;
			buildConfigurations = (
				2BEE92732A0A78A70032CEB5 /* Debug */,
				2BEE92742A0A78A70032CEB5 /* Release */,
			);
			defaultConfigurationIsVisible = 0;
			defaultConfigurationName = Release;
		};
		2BEE92752A0A78A70032CEB5 /* Build configuration list for PBXNativeTarget "ThoughtWeather" */ = {
			isa = XCConfigurationList;
			buildConfigurations = (
				2BEE92762A0A78A70032CEB5 /* Debug */,
				2BEE92772A0A78A70032CEB5 /* Release */,
			);
			defaultConfigurationIsVisible = 0;
			defaultConfigurationName = Release;
		};
		2BEE92782A0A78A70032CEB5 /* Build configuration list for PBXNativeTarget "ThoughtWeatherTests" */ = {
			isa = XCConfigurationList;
			buildConfigurations = (
				2BEE92792A0A78A70032CEB5 /* Debug */,
				2BEE927A2A0A78A70032CEB5 /* Release */,
			);
			defaultConfigurationIsVisible = 0;
			defaultConfigurationName = Release;
		};
		2BEE927B2A0A78A70032CEB5 /* Build configuration list for PBXNativeTarget "ThoughtWeatherUITests" */ = {
			isa = XCConfigurationList;
			buildConfigurations = (
				2BEE927C2A0A78A70032CEB5 /* Debug */,
				2BEE927D2A0A78A70032CEB5 /* Release */,
			);
			defaultConfigurationIsVisible = 0;
			defaultConfigurationName = Release;
		};
/* End XCConfigurationList section */
	};
	rootObject = 2BEE92432A0A78A50032CEB5 /* Project object */;
}
